// !$*UTF8*$!
{
	archiveVersion = 1;
	classes = {
	};
	objectVersion = 46;
	objects = {

/* Begin PBXBuildFile section */
		BE1EC0EE1A2C684900108FD0 /* GWCornerView.m in Sources */ = {isa = PBXBuildFile; fileRef = BE1EC0ED1A2C684900108FD0 /* GWCornerView.m */; };
		BE3DBDA91A25724600390AB7 /* GWPhotoAlbumTool.m in Sources */ = {isa = PBXBuildFile; fileRef = BE3DBDA81A25724600390AB7 /* GWPhotoAlbumTool.m */; };
		BE3DBDAD1A25AC3200390AB7 /* GWPhotoViewController.m in Sources */ = {isa = PBXBuildFile; fileRef = BE3DBDAC1A25AC3200390AB7 /* GWPhotoViewController.m */; };
		BE3DBDB01A25B43E00390AB7 /* GWPhotoViewCell.m in Sources */ = {isa = PBXBuildFile; fileRef = BE3DBDAF1A25B43E00390AB7 /* GWPhotoViewCell.m */; };
		BE3DBDB41A25C67D00390AB7 /* LaunchScreen.xib in Resources */ = {isa = PBXBuildFile; fileRef = BE3DBDB21A25C67D00390AB7 /* LaunchScreen.xib */; };
		BE3DBDB51A25C67D00390AB7 /* Main.storyboard in Resources */ = {isa = PBXBuildFile; fileRef = BE3DBDB31A25C67D00390AB7 /* Main.storyboard */; };
		BE409EE31A26C82400ED9AC9 /* GWPhotoAlbumViewCell.m in Sources */ = {isa = PBXBuildFile; fileRef = BE409EE21A26C82400ED9AC9 /* GWPhotoAlbumViewCell.m */; };
		BE409EE51A26CA1F00ED9AC9 /* GWPhotoAlbumViewCell.xib in Resources */ = {isa = PBXBuildFile; fileRef = BE409EE41A26CA1F00ED9AC9 /* GWPhotoAlbumViewCell.xib */; };
		BE7885281A2B50C7002B742D /* GWImageClipView.m in Sources */ = {isa = PBXBuildFile; fileRef = BE7885271A2B50C7002B742D /* GWImageClipView.m */; };
		BE78852B1A2B5199002B742D /* GWImageClipRectView.m in Sources */ = {isa = PBXBuildFile; fileRef = BE78852A1A2B5199002B742D /* GWImageClipRectView.m */; };
		BE90E4CB1A2708F200CFD184 /* GWPhotoEditViewController.m in Sources */ = {isa = PBXBuildFile; fileRef = BE90E4CA1A2708F200CFD184 /* GWPhotoEditViewController.m */; };
		BEC83FBD1A241B8D00822088 /* Images.xcassets in Resources */ = {isa = PBXBuildFile; fileRef = BEC83FBC1A241B8D00822088 /* Images.xcassets */; };
		BEC83FCC1A241B8D00822088 /* CameraDemoTests.m in Sources */ = {isa = PBXBuildFile; fileRef = BEC83FCB1A241B8D00822088 /* CameraDemoTests.m */; };
		BED37D341A241D32000826D7 /* ViewController.m in Sources */ = {isa = PBXBuildFile; fileRef = BED37D2D1A241D32000826D7 /* ViewController.m */; };
		BED37D351A241D32000826D7 /* AppDelegate.m in Sources */ = {isa = PBXBuildFile; fileRef = BED37D321A241D32000826D7 /* AppDelegate.m */; };
		BED37D361A241D32000826D7 /* main.m in Sources */ = {isa = PBXBuildFile; fileRef = BED37D331A241D32000826D7 /* main.m */; };
		BEF321CF1A247EF60087F43A /* GWPhotoAlbumController.m in Sources */ = {isa = PBXBuildFile; fileRef = BEF321CE1A247EF60087F43A /* GWPhotoAlbumController.m */; };
		BEF321D41A248ABC0087F43A /* GWPhoto.m in Sources */ = {isa = PBXBuildFile; fileRef = BEF321D31A248ABC0087F43A /* GWPhoto.m */; };
		BEF321D71A248B2B0087F43A /* GWPhotoAlbum.m in Sources */ = {isa = PBXBuildFile; fileRef = BEF321D61A248B2B0087F43A /* GWPhotoAlbum.m */; };
/* End PBXBuildFile section */

/* Begin PBXContainerItemProxy section */
		BEC83FC61A241B8D00822088 /* PBXContainerItemProxy */ = {
			isa = PBXContainerItemProxy;
			containerPortal = BEC83FA41A241B8D00822088 /* Project object */;
			proxyType = 1;
			remoteGlobalIDString = BEC83FAB1A241B8D00822088;
			remoteInfo = CameraDemo;
		};
/* End PBXContainerItemProxy section */

/* Begin PBXFileReference section */
		BE1EC0EC1A2C684900108FD0 /* GWCornerView.h */ = {isa = PBXFileReference; fileEncoding = 4; lastKnownFileType = sourcecode.c.h; path = GWCornerView.h; sourceTree = "<group>"; };
		BE1EC0ED1A2C684900108FD0 /* GWCornerView.m */ = {isa = PBXFileReference; fileEncoding = 4; lastKnownFileType = sourcecode.c.objc; path = GWCornerView.m; sourceTree = "<group>"; };
		BE3DBDA71A25724600390AB7 /* GWPhotoAlbumTool.h */ = {isa = PBXFileReference; fileEncoding = 4; lastKnownFileType = sourcecode.c.h; path = GWPhotoAlbumTool.h; sourceTree = "<group>"; };
		BE3DBDA81A25724600390AB7 /* GWPhotoAlbumTool.m */ = {isa = PBXFileReference; fileEncoding = 4; lastKnownFileType = sourcecode.c.objc; path = GWPhotoAlbumTool.m; sourceTree = "<group>"; };
		BE3DBDAA1A25732A00390AB7 /* GWSingleton.h */ = {isa = PBXFileReference; fileEncoding = 4; lastKnownFileType = sourcecode.c.h; path = GWSingleton.h; sourceTree = "<group>"; };
		BE3DBDAB1A25AC3200390AB7 /* GWPhotoViewController.h */ = {isa = PBXFileReference; fileEncoding = 4; lastKnownFileType = sourcecode.c.h; path = GWPhotoViewController.h; sourceTree = "<group>"; };
		BE3DBDAC1A25AC3200390AB7 /* GWPhotoViewController.m */ = {isa = PBXFileReference; fileEncoding = 4; lastKnownFileType = sourcecode.c.objc; path = GWPhotoViewController.m; sourceTree = "<group>"; };
		BE3DBDAE1A25B43E00390AB7 /* GWPhotoViewCell.h */ = {isa = PBXFileReference; fileEncoding = 4; lastKnownFileType = sourcecode.c.h; path = GWPhotoViewCell.h; sourceTree = "<group>"; };
		BE3DBDAF1A25B43E00390AB7 /* GWPhotoViewCell.m */ = {isa = PBXFileReference; fileEncoding = 4; lastKnownFileType = sourcecode.c.objc; path = GWPhotoViewCell.m; sourceTree = "<group>"; };
		BE3DBDB21A25C67D00390AB7 /* LaunchScreen.xib */ = {isa = PBXFileReference; fileEncoding = 4; lastKnownFileType = file.xib; path = LaunchScreen.xib; sourceTree = "<group>"; };
		BE3DBDB31A25C67D00390AB7 /* Main.storyboard */ = {isa = PBXFileReference; fileEncoding = 4; lastKnownFileType = file.storyboard; path = Main.storyboard; sourceTree = "<group>"; };
		BE409EE11A26C82400ED9AC9 /* GWPhotoAlbumViewCell.h */ = {isa = PBXFileReference; fileEncoding = 4; lastKnownFileType = sourcecode.c.h; path = GWPhotoAlbumViewCell.h; sourceTree = "<group>"; };
		BE409EE21A26C82400ED9AC9 /* GWPhotoAlbumViewCell.m */ = {isa = PBXFileReference; fileEncoding = 4; lastKnownFileType = sourcecode.c.objc; path = GWPhotoAlbumViewCell.m; sourceTree = "<group>"; };
		BE409EE41A26CA1F00ED9AC9 /* GWPhotoAlbumViewCell.xib */ = {isa = PBXFileReference; fileEncoding = 4; lastKnownFileType = file.xib; path = GWPhotoAlbumViewCell.xib; sourceTree = "<group>"; };
		BE7885261A2B50C7002B742D /* GWImageClipView.h */ = {isa = PBXFileReference; fileEncoding = 4; lastKnownFileType = sourcecode.c.h; path = GWImageClipView.h; sourceTree = "<group>"; };
		BE7885271A2B50C7002B742D /* GWImageClipView.m */ = {isa = PBXFileReference; fileEncoding = 4; lastKnownFileType = sourcecode.c.objc; path = GWImageClipView.m; sourceTree = "<group>"; };
		BE7885291A2B5199002B742D /* GWImageClipRectView.h */ = {isa = PBXFileReference; fileEncoding = 4; lastKnownFileType = sourcecode.c.h; path = GWImageClipRectView.h; sourceTree = "<group>"; };
		BE78852A1A2B5199002B742D /* GWImageClipRectView.m */ = {isa = PBXFileReference; fileEncoding = 4; lastKnownFileType = sourcecode.c.objc; path = GWImageClipRectView.m; sourceTree = "<group>"; };
		BE90E4C91A2708F200CFD184 /* GWPhotoEditViewController.h */ = {isa = PBXFileReference; fileEncoding = 4; lastKnownFileType = sourcecode.c.h; path = GWPhotoEditViewController.h; sourceTree = "<group>"; };
		BE90E4CA1A2708F200CFD184 /* GWPhotoEditViewController.m */ = {isa = PBXFileReference; fileEncoding = 4; lastKnownFileType = sourcecode.c.objc; path = GWPhotoEditViewController.m; sourceTree = "<group>"; };
		BEC83FAC1A241B8D00822088 /* CameraDemo.app */ = {isa = PBXFileReference; explicitFileType = wrapper.application; includeInIndex = 0; path = CameraDemo.app; sourceTree = BUILT_PRODUCTS_DIR; };
		BEC83FB01A241B8D00822088 /* Info.plist */ = {isa = PBXFileReference; lastKnownFileType = text.plist.xml; path = Info.plist; sourceTree = "<group>"; };
		BEC83FBC1A241B8D00822088 /* Images.xcassets */ = {isa = PBXFileReference; lastKnownFileType = folder.assetcatalog; path = Images.xcassets; sourceTree = "<group>"; };
		BEC83FC51A241B8D00822088 /* CameraDemoTests.xctest */ = {isa = PBXFileReference; explicitFileType = wrapper.cfbundle; includeInIndex = 0; path = CameraDemoTests.xctest; sourceTree = BUILT_PRODUCTS_DIR; };
		BEC83FCA1A241B8D00822088 /* Info.plist */ = {isa = PBXFileReference; lastKnownFileType = text.plist.xml; path = Info.plist; sourceTree = "<group>"; };
		BEC83FCB1A241B8D00822088 /* CameraDemoTests.m */ = {isa = PBXFileReference; lastKnownFileType = sourcecode.c.objc; path = CameraDemoTests.m; sourceTree = "<group>"; };
		BED37D2C1A241D32000826D7 /* ViewController.h */ = {isa = PBXFileReference; fileEncoding = 4; lastKnownFileType = sourcecode.c.h; path = ViewController.h; sourceTree = "<group>"; };
		BED37D2D1A241D32000826D7 /* ViewController.m */ = {isa = PBXFileReference; fileEncoding = 4; lastKnownFileType = sourcecode.c.objc; path = ViewController.m; sourceTree = "<group>"; };
		BED37D311A241D32000826D7 /* AppDelegate.h */ = {isa = PBXFileReference; fileEncoding = 4; lastKnownFileType = sourcecode.c.h; path = AppDelegate.h; sourceTree = "<group>"; };
		BED37D321A241D32000826D7 /* AppDelegate.m */ = {isa = PBXFileReference; fileEncoding = 4; lastKnownFileType = sourcecode.c.objc; path = AppDelegate.m; sourceTree = "<group>"; };
		BED37D331A241D32000826D7 /* main.m */ = {isa = PBXFileReference; fileEncoding = 4; lastKnownFileType = sourcecode.c.objc; path = main.m; sourceTree = "<group>"; };
		BEF321CD1A247EF60087F43A /* GWPhotoAlbumController.h */ = {isa = PBXFileReference; fileEncoding = 4; lastKnownFileType = sourcecode.c.h; path = GWPhotoAlbumController.h; sourceTree = "<group>"; };
		BEF321CE1A247EF60087F43A /* GWPhotoAlbumController.m */ = {isa = PBXFileReference; fileEncoding = 4; lastKnownFileType = sourcecode.c.objc; path = GWPhotoAlbumController.m; sourceTree = "<group>"; };
		BEF321D01A2480700087F43A /* CameraDemo-Prefix.pch */ = {isa = PBXFileReference; fileEncoding = 4; lastKnownFileType = sourcecode.c.h; path = "CameraDemo-Prefix.pch"; sourceTree = "<group>"; };
		BEF321D11A2481800087F43A /* Common.h */ = {isa = PBXFileReference; fileEncoding = 4; lastKnownFileType = sourcecode.c.h; path = Common.h; sourceTree = "<group>"; };
		BEF321D21A248ABC0087F43A /* GWPhoto.h */ = {isa = PBXFileReference; fileEncoding = 4; lastKnownFileType = sourcecode.c.h; path = GWPhoto.h; sourceTree = "<group>"; };
		BEF321D31A248ABC0087F43A /* GWPhoto.m */ = {isa = PBXFileReference; fileEncoding = 4; lastKnownFileType = sourcecode.c.objc; path = GWPhoto.m; sourceTree = "<group>"; };
		BEF321D51A248B2B0087F43A /* GWPhotoAlbum.h */ = {isa = PBXFileReference; fileEncoding = 4; lastKnownFileType = sourcecode.c.h; path = GWPhotoAlbum.h; sourceTree = "<group>"; };
		BEF321D61A248B2B0087F43A /* GWPhotoAlbum.m */ = {isa = PBXFileReference; fileEncoding = 4; lastKnownFileType = sourcecode.c.objc; path = GWPhotoAlbum.m; sourceTree = "<group>"; };
/* End PBXFileReference section */

/* Begin PBXFrameworksBuildPhase section */
		BEC83FA91A241B8D00822088 /* Frameworks */ = {
			isa = PBXFrameworksBuildPhase;
			buildActionMask = 2147483647;
			files = (
			);
			runOnlyForDeploymentPostprocessing = 0;
		};
		BEC83FC21A241B8D00822088 /* Frameworks */ = {
			isa = PBXFrameworksBuildPhase;
			buildActionMask = 2147483647;
			files = (
			);
			runOnlyForDeploymentPostprocessing = 0;
		};
/* End PBXFrameworksBuildPhase section */

/* Begin PBXGroup section */
		BE3DBDB11A25C67D00390AB7 /* Xibs */ = {
			isa = PBXGroup;
			children = (
				BE3DBDB21A25C67D00390AB7 /* LaunchScreen.xib */,
				BE3DBDB31A25C67D00390AB7 /* Main.storyboard */,
				BE409EE41A26CA1F00ED9AC9 /* GWPhotoAlbumViewCell.xib */,
			);
			path = Xibs;
			sourceTree = "<group>";
		};
		BEC83FA31A241B8D00822088 = {
			isa = PBXGroup;
			children = (
				BEC83FAE1A241B8D00822088 /* CameraDemo */,
				BEC83FC81A241B8D00822088 /* CameraDemoTests */,
				BEC83FAD1A241B8D00822088 /* Products */,
			);
			sourceTree = "<group>";
		};
		BEC83FAD1A241B8D00822088 /* Products */ = {
			isa = PBXGroup;
			children = (
				BEC83FAC1A241B8D00822088 /* CameraDemo.app */,
				BEC83FC51A241B8D00822088 /* CameraDemoTests.xctest */,
			);
			name = Products;
			sourceTree = "<group>";
		};
		BEC83FAE1A241B8D00822088 /* CameraDemo */ = {
			isa = PBXGroup;
			children = (
				BED37D291A241D32000826D7 /* Classes */,
				BE3DBDB11A25C67D00390AB7 /* Xibs */,
				BEC83FAF1A241B8D00822088 /* Supporting Files */,
			);
			path = CameraDemo;
			sourceTree = "<group>";
		};
		BEC83FAF1A241B8D00822088 /* Supporting Files */ = {
			isa = PBXGroup;
			children = (
				BEC83FBC1A241B8D00822088 /* Images.xcassets */,
				BEC83FB01A241B8D00822088 /* Info.plist */,
			);
			name = "Supporting Files";
			sourceTree = "<group>";
		};
		BEC83FC81A241B8D00822088 /* CameraDemoTests */ = {
			isa = PBXGroup;
			children = (
				BEC83FCB1A241B8D00822088 /* CameraDemoTests.m */,
				BEC83FC91A241B8D00822088 /* Supporting Files */,
			);
			path = CameraDemoTests;
			sourceTree = "<group>";
		};
		BEC83FC91A241B8D00822088 /* Supporting Files */ = {
			isa = PBXGroup;
			children = (
				BEC83FCA1A241B8D00822088 /* Info.plist */,
			);
			name = "Supporting Files";
			sourceTree = "<group>";
		};
		BED37D291A241D32000826D7 /* Classes */ = {
			isa = PBXGroup;
			children = (
				BEDAB4741A2421E4009BB720 /* Vendors */,
				BED37D2A1A241D32000826D7 /* Main */,
				BED37D301A241D32000826D7 /* Other */,
			);
			path = Classes;
			sourceTree = "<group>";
		};
		BED37D2A1A241D32000826D7 /* Main */ = {
			isa = PBXGroup;
			children = (
				BEF321D81A248C070087F43A /* Tool */,
				BED37D2B1A241D32000826D7 /* Controller */,
				BED37D2E1A241D32000826D7 /* Model */,
				BED37D2F1A241D32000826D7 /* View */,
			);
			path = Main;
			sourceTree = "<group>";
		};
		BED37D2B1A241D32000826D7 /* Controller */ = {
			isa = PBXGroup;
			children = (
				BED37D2C1A241D32000826D7 /* ViewController.h */,
				BED37D2D1A241D32000826D7 /* ViewController.m */,
				BEF321CD1A247EF60087F43A /* GWPhotoAlbumController.h */,
				BEF321CE1A247EF60087F43A /* GWPhotoAlbumController.m */,
				BE3DBDAB1A25AC3200390AB7 /* GWPhotoViewController.h */,
				BE3DBDAC1A25AC3200390AB7 /* GWPhotoViewController.m */,
				BE90E4C91A2708F200CFD184 /* GWPhotoEditViewController.h */,
				BE90E4CA1A2708F200CFD184 /* GWPhotoEditViewController.m */,
			);
			path = Controller;
			sourceTree = "<group>";
		};
		BED37D2E1A241D32000826D7 /* Model */ = {
			isa = PBXGroup;
			children = (
				BEF321D21A248ABC0087F43A /* GWPhoto.h */,
				BEF321D31A248ABC0087F43A /* GWPhoto.m */,
				BEF321D51A248B2B0087F43A /* GWPhotoAlbum.h */,
				BEF321D61A248B2B0087F43A /* GWPhotoAlbum.m */,
			);
			path = Model;
			sourceTree = "<group>";
		};
		BED37D2F1A241D32000826D7 /* View */ = {
			isa = PBXGroup;
			children = (
				BE3DBDAE1A25B43E00390AB7 /* GWPhotoViewCell.h */,
				BE3DBDAF1A25B43E00390AB7 /* GWPhotoViewCell.m */,
				BE409EE11A26C82400ED9AC9 /* GWPhotoAlbumViewCell.h */,
				BE409EE21A26C82400ED9AC9 /* GWPhotoAlbumViewCell.m */,
				BE7885261A2B50C7002B742D /* GWImageClipView.h */,
				BE7885271A2B50C7002B742D /* GWImageClipView.m */,
				BE7885291A2B5199002B742D /* GWImageClipRectView.h */,
				BE78852A1A2B5199002B742D /* GWImageClipRectView.m */,
				BE1EC0EC1A2C684900108FD0 /* GWCornerView.h */,
				BE1EC0ED1A2C684900108FD0 /* GWCornerView.m */,
			);
			path = View;
			sourceTree = "<group>";
		};
		BED37D301A241D32000826D7 /* Other */ = {
			isa = PBXGroup;
			children = (
				BEF321D01A2480700087F43A /* CameraDemo-Prefix.pch */,
				BED37D331A241D32000826D7 /* main.m */,
				BED37D311A241D32000826D7 /* AppDelegate.h */,
				BED37D321A241D32000826D7 /* AppDelegate.m */,
				BEF321D11A2481800087F43A /* Common.h */,
				BE3DBDAA1A25732A00390AB7 /* GWSingleton.h */,
			);
			path = Other;
			sourceTree = "<group>";
		};
		BEDAB4741A2421E4009BB720 /* Vendors */ = {
			isa = PBXGroup;
			children = (
			);
			path = Vendors;
			sourceTree = "<group>";
		};
		BEF321D81A248C070087F43A /* Tool */ = {
			isa = PBXGroup;
			children = (
				BE3DBDA71A25724600390AB7 /* GWPhotoAlbumTool.h */,
				BE3DBDA81A25724600390AB7 /* GWPhotoAlbumTool.m */,
			);
			path = Tool;
			sourceTree = "<group>";
		};
/* End PBXGroup section */

/* Begin PBXNativeTarget section */
		BEC83FAB1A241B8D00822088 /* CameraDemo */ = {
			isa = PBXNativeTarget;
			buildConfigurationList = BEC83FCF1A241B8D00822088 /* Build configuration list for PBXNativeTarget "CameraDemo" */;
			buildPhases = (
				BEC83FA81A241B8D00822088 /* Sources */,
				BEC83FA91A241B8D00822088 /* Frameworks */,
				BEC83FAA1A241B8D00822088 /* Resources */,
				BEFFB5531A2811150056AEB5 /* ShellScript */,
			);
			buildRules = (
			);
			dependencies = (
			);
			name = CameraDemo;
			productName = CameraDemo;
			productReference = BEC83FAC1A241B8D00822088 /* CameraDemo.app */;
			productType = "com.apple.product-type.application";
		};
		BEC83FC41A241B8D00822088 /* CameraDemoTests */ = {
			isa = PBXNativeTarget;
			buildConfigurationList = BEC83FD21A241B8D00822088 /* Build configuration list for PBXNativeTarget "CameraDemoTests" */;
			buildPhases = (
				BEC83FC11A241B8D00822088 /* Sources */,
				BEC83FC21A241B8D00822088 /* Frameworks */,
				BEC83FC31A241B8D00822088 /* Resources */,
			);
			buildRules = (
			);
			dependencies = (
				BEC83FC71A241B8D00822088 /* PBXTargetDependency */,
			);
			name = CameraDemoTests;
			productName = CameraDemoTests;
			productReference = BEC83FC51A241B8D00822088 /* CameraDemoTests.xctest */;
			productType = "com.apple.product-type.bundle.unit-test";
		};
/* End PBXNativeTarget section */

/* Begin PBXProject section */
		BEC83FA41A241B8D00822088 /* Project object */ = {
			isa = PBXProject;
			attributes = {
				LastUpgradeCheck = 0610;
				ORGANIZATIONNAME = Camera360;
				TargetAttributes = {
					BEC83FAB1A241B8D00822088 = {
						CreatedOnToolsVersion = 6.1;
						DevelopmentTeam = KX4LF4Y57W;
					};
					BEC83FC41A241B8D00822088 = {
						CreatedOnToolsVersion = 6.1;
						TestTargetID = BEC83FAB1A241B8D00822088;
					};
				};
			};
			buildConfigurationList = BEC83FA71A241B8D00822088 /* Build configuration list for PBXProject "CameraDemo" */;
			compatibilityVersion = "Xcode 3.2";
			developmentRegion = English;
			hasScannedForEncodings = 0;
			knownRegions = (
				en,
				Base,
			);
			mainGroup = BEC83FA31A241B8D00822088;
			productRefGroup = BEC83FAD1A241B8D00822088 /* Products */;
			projectDirPath = "";
			projectRoot = "";
			targets = (
				BEC83FAB1A241B8D00822088 /* CameraDemo */,
				BEC83FC41A241B8D00822088 /* CameraDemoTests */,
			);
		};
/* End PBXProject section */

/* Begin PBXResourcesBuildPhase section */
		BEC83FAA1A241B8D00822088 /* Resources */ = {
			isa = PBXResourcesBuildPhase;
			buildActionMask = 2147483647;
			files = (
				BE3DBDB41A25C67D00390AB7 /* LaunchScreen.xib in Resources */,
				BE409EE51A26CA1F00ED9AC9 /* GWPhotoAlbumViewCell.xib in Resources */,
				BE3DBDB51A25C67D00390AB7 /* Main.storyboard in Resources */,
				BEC83FBD1A241B8D00822088 /* Images.xcassets in Resources */,
			);
			runOnlyForDeploymentPostprocessing = 0;
		};
		BEC83FC31A241B8D00822088 /* Resources */ = {
			isa = PBXResourcesBuildPhase;
			buildActionMask = 2147483647;
			files = (
			);
			runOnlyForDeploymentPostprocessing = 0;
		};
/* End PBXResourcesBuildPhase section */

/* Begin PBXShellScriptBuildPhase section */
		BEFFB5531A2811150056AEB5 /* ShellScript */ = {
			isa = PBXShellScriptBuildPhase;
			buildActionMask = 12;
			files = (
			);
			inputPaths = (
			);
			outputPaths = (
			);
			runOnlyForDeploymentPostprocessing = 0;
			shellPath = /bin/sh;
			shellScript = "if [ $CONFIGURATION == Archive ]; then\necho \"Bumping build number...\"\nplist=${PROJECT_DIR}/${INFOPLIST_FILE}\n\n# increment the build number (ie 115 to 116)\nbuildnum=$(/usr/libexec/PlistBuddy -c \"Print CFBundleVersion\" \"${plist}\")\nif [[ \"${buildnum}\" == \"\" ]]; then\necho \"No build number in $plist\"\nexit 2\nfi\n\nbuildnum=$(expr $buildnum + 1)\n/usr/libexec/Plistbuddy -c \"Set CFBundleVersion $buildnum\" \"${plist}\"\necho \"Bumped build number to $buildnum\"\n\nelse\necho $CONFIGURATION \" build - Not bumping build number.\"\nfi";
		};
/* End PBXShellScriptBuildPhase section */

/* Begin PBXSourcesBuildPhase section */
		BEC83FA81A241B8D00822088 /* Sources */ = {
			isa = PBXSourcesBuildPhase;
			buildActionMask = 2147483647;
			files = (
				BEF321D71A248B2B0087F43A /* GWPhotoAlbum.m in Sources */,
				BE3DBDAD1A25AC3200390AB7 /* GWPhotoViewController.m in Sources */,
				BEF321D41A248ABC0087F43A /* GWPhoto.m in Sources */,
				BEF321CF1A247EF60087F43A /* GWPhotoAlbumController.m in Sources */,
				BE7885281A2B50C7002B742D /* GWImageClipView.m in Sources */,
				BE3DBDB01A25B43E00390AB7 /* GWPhotoViewCell.m in Sources */,
				BE3DBDA91A25724600390AB7 /* GWPhotoAlbumTool.m in Sources */,
				BED37D351A241D32000826D7 /* AppDelegate.m in Sources */,
				BED37D361A241D32000826D7 /* main.m in Sources */,
				BE90E4CB1A2708F200CFD184 /* GWPhotoEditViewController.m in Sources */,
				BED37D341A241D32000826D7 /* ViewController.m in Sources */,
				BE78852B1A2B5199002B742D /* GWImageClipRectView.m in Sources */,
				BE409EE31A26C82400ED9AC9 /* GWPhotoAlbumViewCell.m in Sources */,
				BE1EC0EE1A2C684900108FD0 /* GWCornerView.m in Sources */,
			);
			runOnlyForDeploymentPostprocessing = 0;
		};
		BEC83FC11A241B8D00822088 /* Sources */ = {
			isa = PBXSourcesBuildPhase;
			buildActionMask = 2147483647;
			files = (
				BEC83FCC1A241B8D00822088 /* CameraDemoTests.m in Sources */,
			);
			runOnlyForDeploymentPostprocessing = 0;
		};
/* End PBXSourcesBuildPhase section */

/* Begin PBXTargetDependency section */
		BEC83FC71A241B8D00822088 /* PBXTargetDependency */ = {
			isa = PBXTargetDependency;
			target = BEC83FAB1A241B8D00822088 /* CameraDemo */;
			targetProxy = BEC83FC61A241B8D00822088 /* PBXContainerItemProxy */;
		};
/* End PBXTargetDependency section */

/* Begin XCBuildConfiguration section */
		BEC83FCD1A241B8D00822088 /* Debug */ = {
			isa = XCBuildConfiguration;
			buildSettings = {
				ALWAYS_SEARCH_USER_PATHS = NO;
				CLANG_CXX_LANGUAGE_STANDARD = "gnu++0x";
				CLANG_CXX_LIBRARY = "libc++";
				CLANG_ENABLE_MODULES = YES;
				CLANG_ENABLE_OBJC_ARC = YES;
				CLANG_WARN_BOOL_CONVERSION = YES;
				CLANG_WARN_CONSTANT_CONVERSION = YES;
				CLANG_WARN_DIRECT_OBJC_ISA_USAGE = YES_ERROR;
				CLANG_WARN_EMPTY_BODY = YES;
				CLANG_WARN_ENUM_CONVERSION = YES;
				CLANG_WARN_INT_CONVERSION = YES;
				CLANG_WARN_OBJC_ROOT_CLASS = YES_ERROR;
				CLANG_WARN_UNREACHABLE_CODE = YES;
				CLANG_WARN__DUPLICATE_METHOD_MATCH = YES;
				"CODE_SIGN_IDENTITY[sdk=iphoneos*]" = "iPhone Developer";
				COPY_PHASE_STRIP = NO;
				ENABLE_STRICT_OBJC_MSGSEND = YES;
				GCC_C_LANGUAGE_STANDARD = gnu99;
				GCC_DYNAMIC_NO_PIC = NO;
				GCC_OPTIMIZATION_LEVEL = 0;
				GCC_PREPROCESSOR_DEFINITIONS = (
					"DEBUG=1",
					"$(inherited)",
				);
				GCC_SYMBOLS_PRIVATE_EXTERN = NO;
				GCC_WARN_64_TO_32_BIT_CONVERSION = YES;
				GCC_WARN_ABOUT_RETURN_TYPE = YES_ERROR;
				GCC_WARN_UNDECLARED_SELECTOR = YES;
				GCC_WARN_UNINITIALIZED_AUTOS = YES_AGGRESSIVE;
				GCC_WARN_UNUSED_FUNCTION = YES;
				GCC_WARN_UNUSED_VARIABLE = YES;
				IPHONEOS_DEPLOYMENT_TARGET = 8.1;
				MTL_ENABLE_DEBUG_INFO = YES;
				ONLY_ACTIVE_ARCH = YES;
				SDKROOT = iphoneos;
			};
			name = Debug;
		};
		BEC83FCE1A241B8D00822088 /* Release */ = {
			isa = XCBuildConfiguration;
			buildSettings = {
				ALWAYS_SEARCH_USER_PATHS = NO;
				CLANG_CXX_LANGUAGE_STANDARD = "gnu++0x";
				CLANG_CXX_LIBRARY = "libc++";
				CLANG_ENABLE_MODULES = YES;
				CLANG_ENABLE_OBJC_ARC = YES;
				CLANG_WARN_BOOL_CONVERSION = YES;
				CLANG_WARN_CONSTANT_CONVERSION = YES;
				CLANG_WARN_DIRECT_OBJC_ISA_USAGE = YES_ERROR;
				CLANG_WARN_EMPTY_BODY = YES;
				CLANG_WARN_ENUM_CONVERSION = YES;
				CLANG_WARN_INT_CONVERSION = YES;
				CLANG_WARN_OBJC_ROOT_CLASS = YES_ERROR;
				CLANG_WARN_UNREACHABLE_CODE = YES;
				CLANG_WARN__DUPLICATE_METHOD_MATCH = YES;
				"CODE_SIGN_IDENTITY[sdk=iphoneos*]" = "iPhone Developer";
				COPY_PHASE_STRIP = YES;
				ENABLE_NS_ASSERTIONS = NO;
				ENABLE_STRICT_OBJC_MSGSEND = YES;
				GCC_C_LANGUAGE_STANDARD = gnu99;
				GCC_WARN_64_TO_32_BIT_CONVERSION = YES;
				GCC_WARN_ABOUT_RETURN_TYPE = YES_ERROR;
				GCC_WARN_UNDECLARED_SELECTOR = YES;
				GCC_WARN_UNINITIALIZED_AUTOS = YES_AGGRESSIVE;
				GCC_WARN_UNUSED_FUNCTION = YES;
				GCC_WARN_UNUSED_VARIABLE = YES;
				IPHONEOS_DEPLOYMENT_TARGET = 8.1;
				MTL_ENABLE_DEBUG_INFO = NO;
				SDKROOT = iphoneos;
				VALIDATE_PRODUCT = YES;
			};
			name = Release;
		};
		BEC83FD01A241B8D00822088 /* Debug */ = {
			isa = XCBuildConfiguration;
			buildSettings = {
				ASSETCATALOG_COMPILER_APPICON_NAME = AppIcon;
				GCC_PRECOMPILE_PREFIX_HEADER = YES;
				GCC_PREFIX_HEADER = "$(SRCROOT)/CameraDemo/Classes/Other/CameraDemo-Prefix.pch";
				INFOPLIST_FILE = CameraDemo/Info.plist;
				IPHONEOS_DEPLOYMENT_TARGET = 8.0;
				LD_RUNPATH_SEARCH_PATHS = "$(inherited) @executable_path/Frameworks";
				PRODUCT_NAME = "$(TARGET_NAME)";
			};
			name = Debug;
		};
		BEC83FD11A241B8D00822088 /* Release */ = {
			isa = XCBuildConfiguration;
			buildSettings = {
				ASSETCATALOG_COMPILER_APPICON_NAME = AppIcon;
				GCC_PRECOMPILE_PREFIX_HEADER = YES;
				GCC_PREFIX_HEADER = "$(SRCROOT)/CameraDemo/Classes/Other/CameraDemo-Prefix.pch";
				INFOPLIST_FILE = CameraDemo/Info.plist;
				IPHONEOS_DEPLOYMENT_TARGET = 8.0;
				LD_RUNPATH_SEARCH_PATHS = "$(inherited) @executable_path/Frameworks";
				PRODUCT_NAME = "$(TARGET_NAME)";
			};
			name = Release;
		};
		BEC83FD31A241B8D00822088 /* Debug */ = {
			isa = XCBuildConfiguration;
			buildSettings = {
				BUNDLE_LOADER = "$(TEST_HOST)";
				FRAMEWORK_SEARCH_PATHS = (
					"$(SDKROOT)/Developer/Library/Frameworks",
					"$(inherited)",
				);
				GCC_PREPROCESSOR_DEFINITIONS = (
					"DEBUG=1",
					"$(inherited)",
				);
				INFOPLIST_FILE = CameraDemoTests/Info.plist;
				LD_RUNPATH_SEARCH_PATHS = "$(inherited) @executable_path/Frameworks @loader_path/Frameworks";
				PRODUCT_NAME = "$(TARGET_NAME)";
				TEST_HOST = "$(BUILT_PRODUCTS_DIR)/CameraDemo.app/CameraDemo";
			};
			name = Debug;
		};
		BEC83FD41A241B8D00822088 /* Release */ = {
			isa = XCBuildConfiguration;
			buildSettings = {
				BUNDLE_LOADER = "$(TEST_HOST)";
				FRAMEWORK_SEARCH_PATHS = (
					"$(SDKROOT)/Developer/Library/Frameworks",
					"$(inherited)",
				);
				INFOPLIST_FILE = CameraDemoTests/Info.plist;
				LD_RUNPATH_SEARCH_PATHS = "$(inherited) @executable_path/Frameworks @loader_path/Frameworks";
				PRODUCT_NAME = "$(TARGET_NAME)";
				TEST_HOST = "$(BUILT_PRODUCTS_DIR)/CameraDemo.app/CameraDemo";
			};
			name = Release;
		};
/* End XCBuildConfiguration section */

/* Begin XCConfigurationList section */
		BEC83FA71A241B8D00822088 /* Build configuration list for PBXProject "CameraDemo" */ = {
			isa = XCConfigurationList;
			buildConfigurations = (
				BEC83FCD1A241B8D00822088 /* Debug */,
				BEC83FCE1A241B8D00822088 /* Release */,
			);
			defaultConfigurationIsVisible = 0;
			defaultConfigurationName = Release;
		};
		BEC83FCF1A241B8D00822088 /* Build configuration list for PBXNativeTarget "CameraDemo" */ = {
			isa = XCConfigurationList;
			buildConfigurations = (
				BEC83FD01A241B8D00822088 /* Debug */,
				BEC83FD11A241B8D00822088 /* Release */,
			);
			defaultConfigurationIsVisible = 0;
			defaultConfigurationName = Release;
		};
		BEC83FD21A241B8D00822088 /* Build configuration list for PBXNativeTarget "CameraDemoTests" */ = {
			isa = XCConfigurationList;
			buildConfigurations = (
				BEC83FD31A241B8D00822088 /* Debug */,
				BEC83FD41A241B8D00822088 /* Release */,
			);
			defaultConfigurationIsVisible = 0;
			defaultConfigurationName = Release;
		};
/* End XCConfigurationList section */
	};
	rootObject = BEC83FA41A241B8D00822088 /* Project object */;
}
